
Microsoft Visual Studio Solution File, Format Version 12.00
# Visual Studio Version 17
VisualStudioVersion = 17.8.34525.116
MinimumVisualStudioVersion = 10.0.40219.1
Project("{FAE04EC0-301F-11D3-BF4B-00C04F79EFBC}") = "EmpMgmt_PulseSolution", "EmpMgmt_PulseSolution\EmpMgmt_PulseSolution.csproj", "{DDADD3E2-C1AA-439D-B00F-E6028DD4EC8F}"
EndProject
Global
	GlobalSection(SolutionConfigurationPlatforms) = preSolution
		Debug|Any CPU = Debug|Any CPU
		Release|Any CPU = Release|Any CPU
	EndGlobalSection
	GlobalSection(ProjectConfigurationPlatforms) = postSolution
		{DDADD3E2-C1AA-439D-B00F-E6028DD4EC8F}.Debug|Any CPU.ActiveCfg = Debug|Any CPU
		{DDADD3E2-C1AA-439D-B00F-E6028DD4EC8F}.Debug|Any CPU.Build.0 = Debug|Any CPU
		{DDADD3E2-C1AA-439D-B00F-E6028DD4EC8F}.Release|Any CPU.ActiveCfg = Release|Any CPU
		{DDADD3E2-C1AA-439D-B00F-E6028DD4EC8F}.Release|Any CPU.Build.0 = Release|Any CPU
	EndGlobalSection
	GlobalSection(SolutionProperties) = preSolution
		HideSolutionNode = FALSE
	EndGlobalSection
	GlobalSection(ExtensibilityGlobals) = postSolution
		SolutionGuid = {87920FA8-385E-4690-9143-318F9F387480}
	EndGlobalSection
EndGlobal
